
Microsoft Visual Studio Solution File, Format Version 12.00
# Visual Studio Version 16
VisualStudioVersion = 16.0.30309.148
MinimumVisualStudioVersion = 10.0.40219.1
Project("{9A19103F-16F7-4668-BE54-9A1E7A4F7556}") = "da", "da.csproj", "{34A47E68-8E06-4342-B5C2-54346BCF913A}"
EndProject
Global
	GlobalSection(SolutionConfigurationPlatforms) = preSolution
		Debug|Any CPU = Debug|Any CPU
		Debug|x64 = Debug|x64
		Release|Any CPU = Release|Any CPU
		Release|x64 = Release|x64
	EndGlobalSection
	GlobalSection(ProjectConfigurationPlatforms) = postSolution
		{34A47E68-8E06-4342-B5C2-54346BCF913A}.Debug|Any CPU.ActiveCfg = Debug|Any CPU
		{34A47E68-8E06-4342-B5C2-54346BCF913A}.Debug|Any CPU.Build.0 = Debug|Any CPU
		{34A47E68-8E06-4342-B5C2-54346BCF913A}.Debug|x64.ActiveCfg = Debug|x64
		{34A47E68-8E06-4342-B5C2-54346BCF913A}.Debug|x64.Build.0 = Debug|x64
		{34A47E68-8E06-4342-B5C2-54346BCF913A}.Release|Any CPU.ActiveCfg = Release|Any CPU
		{34A47E68-8E06-4342-B5C2-54346BCF913A}.Release|Any CPU.Build.0 = Release|Any CPU
		{34A47E68-8E06-4342-B5C2-54346BCF913A}.Release|x64.ActiveCfg = Release|x64
		{34A47E68-8E06-4342-B5C2-54346BCF913A}.Release|x64.Build.0 = Release|x64
	EndGlobalSection
	GlobalSection(SolutionProperties) = preSolution
		HideSolutionNode = FALSE
	EndGlobalSection
	GlobalSection(ExtensibilityGlobals) = postSolution
		SolutionGuid = {56C0090B-CD5D-41FB-B75E-A1DCA3641F1D}
	EndGlobalSection
EndGlobal
